
Microsoft Visual Studio Solution File, Format Version 12.00
# Visual Studio Version 17
VisualStudioVersion = 17.4.33122.133
MinimumVisualStudioVersion = 10.0.40219.1
Project("{9A19103F-16F7-4668-BE54-9A1E7A4F7556}") = "P3-1", "P3-1\P3-1.csproj", "{4FFA1073-BDB0-44F2-A832-4803938B8601}"
EndProject
Project("{9A19103F-16F7-4668-BE54-9A1E7A4F7556}") = "P3-2", "P3-2\P3-2.csproj", "{11AE59E6-05AC-474B-81FE-40DEF3F8E3C1}"
EndProject
Project("{9A19103F-16F7-4668-BE54-9A1E7A4F7556}") = "P3-3", "P3-3\P3-3.csproj", "{65EB4900-23A0-4832-B17C-875EDD148FFC}"
EndProject
Project("{9A19103F-16F7-4668-BE54-9A1E7A4F7556}") = "P3-4", "P3-4\P3-4.csproj", "{6057BC94-C1D0-45B5-91F8-7FC2BF89A05A}"
EndProject
Project("{9A19103F-16F7-4668-BE54-9A1E7A4F7556}") = "P3-5", "P3-5\P3-5.csproj", "{652872AE-E91C-4930-8B53-F40B4A4569C9}"
EndProject
Project("{FAE04EC0-301F-11D3-BF4B-00C04F79EFBC}") = "P3-6", "P3-6\P3-6.csproj", "{A3560F7C-4AFC-47B8-820C-008900CDD226}"
EndProject
Global
	GlobalSection(SolutionConfigurationPlatforms) = preSolution
		Debug|Any CPU = Debug|Any CPU
		Release|Any CPU = Release|Any CPU
	EndGlobalSection
	GlobalSection(ProjectConfigurationPlatforms) = postSolution
		{4FFA1073-BDB0-44F2-A832-4803938B8601}.Debug|Any CPU.ActiveCfg = Debug|Any CPU
		{4FFA1073-BDB0-44F2-A832-4803938B8601}.Debug|Any CPU.Build.0 = Debug|Any CPU
		{4FFA1073-BDB0-44F2-A832-4803938B8601}.Release|Any CPU.ActiveCfg = Release|Any CPU
		{4FFA1073-BDB0-44F2-A832-4803938B8601}.Release|Any CPU.Build.0 = Release|Any CPU
		{11AE59E6-05AC-474B-81FE-40DEF3F8E3C1}.Debug|Any CPU.ActiveCfg = Debug|Any CPU
		{11AE59E6-05AC-474B-81FE-40DEF3F8E3C1}.Debug|Any CPU.Build.0 = Debug|Any CPU
		{11AE59E6-05AC-474B-81FE-40DEF3F8E3C1}.Release|Any CPU.ActiveCfg = Release|Any CPU
		{11AE59E6-05AC-474B-81FE-40DEF3F8E3C1}.Release|Any CPU.Build.0 = Release|Any CPU
		{65EB4900-23A0-4832-B17C-875EDD148FFC}.Debug|Any CPU.ActiveCfg = Debug|Any CPU
		{65EB4900-23A0-4832-B17C-875EDD148FFC}.Debug|Any CPU.Build.0 = Debug|Any CPU
		{65EB4900-23A0-4832-B17C-875EDD148FFC}.Release|Any CPU.ActiveCfg = Release|Any CPU
		{65EB4900-23A0-4832-B17C-875EDD148FFC}.Release|Any CPU.Build.0 = Release|Any CPU
		{6057BC94-C1D0-45B5-91F8-7FC2BF89A05A}.Debug|Any CPU.ActiveCfg = Debug|Any CPU
		{6057BC94-C1D0-45B5-91F8-7FC2BF89A05A}.Debug|Any CPU.Build.0 = Debug|Any CPU
		{6057BC94-C1D0-45B5-91F8-7FC2BF89A05A}.Release|Any CPU.ActiveCfg = Release|Any CPU
		{6057BC94-C1D0-45B5-91F8-7FC2BF89A05A}.Release|Any CPU.Build.0 = Release|Any CPU
		{652872AE-E91C-4930-8B53-F40B4A4569C9}.Debug|Any CPU.ActiveCfg = Debug|Any CPU
		{652872AE-E91C-4930-8B53-F40B4A4569C9}.Debug|Any CPU.Build.0 = Debug|Any CPU
		{652872AE-E91C-4930-8B53-F40B4A4569C9}.Release|Any CPU.ActiveCfg = Release|Any CPU
		{652872AE-E91C-4930-8B53-F40B4A4569C9}.Release|Any CPU.Build.0 = Release|Any CPU
		{A3560F7C-4AFC-47B8-820C-008900CDD226}.Debug|Any CPU.ActiveCfg = Debug|Any CPU
		{A3560F7C-4AFC-47B8-820C-008900CDD226}.Debug|Any CPU.Build.0 = Debug|Any CPU
		{A3560F7C-4AFC-47B8-820C-008900CDD226}.Release|Any CPU.ActiveCfg = Release|Any CPU
		{A3560F7C-4AFC-47B8-820C-008900CDD226}.Release|Any CPU.Build.0 = Release|Any CPU
	EndGlobalSection
	GlobalSection(SolutionProperties) = preSolution
		HideSolutionNode = FALSE
	EndGlobalSection
	GlobalSection(ExtensibilityGlobals) = postSolution
		SolutionGuid = {F6A454E1-5144-4A26-80E0-C3338E7DBF9C}
	EndGlobalSection
EndGlobal
